
Microsoft Visual Studio Solution File, Format Version 12.00
# Visual Studio 2012
Project("{FAE04EC0-301F-11D3-BF4B-00C04F79EFBC}") = "NldMetFrag-DotNet", "NldMetFrag-DotNet\NldMetFrag-DotNet.csproj", "{27BC2FFE-5903-45BD-A2CB-DB86F990F1DB}"
EndProject
Project("{FAE04EC0-301F-11D3-BF4B-00C04F79EFBC}") = "NldMetFrag-DotNetTests", "NldMetFrag-DotNetTests\NldMetFrag-DotNetTests.csproj", "{4D566377-2DD7-4119-983C-B55078921357}"
EndProject
Project("{2150E333-8FDC-42A3-9474-1A3956D46DE8}") = "Solution Items", "Solution Items", "{C5F55F10-5956-498B-AA4F-EAC36D47AF87}"
	ProjectSection(SolutionItems) = preProject
		LGPL.txt = LGPL.txt
		LICENSE.txt = LICENSE.txt
		README.md = README.md
	EndProjectSection
EndProject
Global
	GlobalSection(SolutionConfigurationPlatforms) = preSolution
		Debug|Any CPU = Debug|Any CPU
		Release|Any CPU = Release|Any CPU
	EndGlobalSection
	GlobalSection(ProjectConfigurationPlatforms) = postSolution
		{27BC2FFE-5903-45BD-A2CB-DB86F990F1DB}.Debug|Any CPU.ActiveCfg = Debug|Any CPU
		{27BC2FFE-5903-45BD-A2CB-DB86F990F1DB}.Debug|Any CPU.Build.0 = Debug|Any CPU
		{27BC2FFE-5903-45BD-A2CB-DB86F990F1DB}.Release|Any CPU.ActiveCfg = Release|Any CPU
		{27BC2FFE-5903-45BD-A2CB-DB86F990F1DB}.Release|Any CPU.Build.0 = Release|Any CPU
		{4D566377-2DD7-4119-983C-B55078921357}.Debug|Any CPU.ActiveCfg = Debug|Any CPU
		{4D566377-2DD7-4119-983C-B55078921357}.Debug|Any CPU.Build.0 = Debug|Any CPU
		{4D566377-2DD7-4119-983C-B55078921357}.Release|Any CPU.ActiveCfg = Release|Any CPU
		{4D566377-2DD7-4119-983C-B55078921357}.Release|Any CPU.Build.0 = Release|Any CPU
	EndGlobalSection
	GlobalSection(SolutionProperties) = preSolution
		HideSolutionNode = FALSE
	EndGlobalSection
EndGlobal
